PODS:
  - MailLikeAnimator (0.1.0)

DEPENDENCIES:
  - MailLikeAnimator (from `../`)

EXTERNAL SOURCES:
  MailLikeAnimator:
    :path: "../"

SPEC CHECKSUMS:
  MailLikeAnimator: 2b6cf3d3dbd156ff275a8c62060c9c4f4dd99541

PODFILE CHECKSUM: d1bb4bb1bbd0404634e156d4e2aff8af6f93e752

COCOAPODS: 1.2.0.beta.3
